
Microsoft Visual Studio Solution File, Format Version 12.00
Project("{FAE04EC0-301F-11D3-BF4B-00C04F79EFBC}") = "Blog.Api", "Blog.Api\Blog.Api.csproj", "{1A20F5FC-8F46-4D91-97F4-123F2064B60A}"
EndProject
Project("{FAE04EC0-301F-11D3-BF4B-00C04F79EFBC}") = "Blog.Common", "Blog.Common\Blog.Common.csproj", "{2F2C6B43-28C4-4B39-B806-5F6EE3E92EE4}"
EndProject
Project("{FAE04EC0-301F-11D3-BF4B-00C04F79EFBC}") = "Blog.Services", "Blog.Services\Blog.Services.csproj", "{F5E99364-82FB-45C9-B113-033543CAC72A}"
EndProject
Project("{FAE04EC0-301F-11D3-BF4B-00C04F79EFBC}") = "Blog.Repository", "Blog.Repository\Blog.Repository.csproj", "{1484CDC7-A45D-4F5B-88BB-0B141CAECF30}"
EndProject
Project("{FAE04EC0-301F-11D3-BF4B-00C04F79EFBC}") = "Blog.Domain", "Blog.Domain\Blog.Domain.csproj", "{6DC36EAD-C0CE-4F2F-9538-C752BBF90766}"
EndProject
Project("{FAE04EC0-301F-11D3-BF4B-00C04F79EFBC}") = "Blog.Core", "Blog.Core\Blog.Core.csproj", "{6DA6F80A-9A5B-4464-8280-4C2657D8FF9E}"
EndProject
Project("{FAE04EC0-301F-11D3-BF4B-00C04F79EFBC}") = "Blog.Extensions", "Blog.Extensions\Blog.Extensions.csproj", "{5E7D4D2E-87D4-4416-9F8C-A332CE06EFD6}"
EndProject
Global
	GlobalSection(SolutionConfigurationPlatforms) = preSolution
		Debug|Any CPU = Debug|Any CPU
		Release|Any CPU = Release|Any CPU
	EndGlobalSection
	GlobalSection(ProjectConfigurationPlatforms) = postSolution
		{1A20F5FC-8F46-4D91-97F4-123F2064B60A}.Debug|Any CPU.ActiveCfg = Debug|Any CPU
		{1A20F5FC-8F46-4D91-97F4-123F2064B60A}.Debug|Any CPU.Build.0 = Debug|Any CPU
		{1A20F5FC-8F46-4D91-97F4-123F2064B60A}.Release|Any CPU.ActiveCfg = Release|Any CPU
		{1A20F5FC-8F46-4D91-97F4-123F2064B60A}.Release|Any CPU.Build.0 = Release|Any CPU
		{2F2C6B43-28C4-4B39-B806-5F6EE3E92EE4}.Debug|Any CPU.ActiveCfg = Debug|Any CPU
		{2F2C6B43-28C4-4B39-B806-5F6EE3E92EE4}.Debug|Any CPU.Build.0 = Debug|Any CPU
		{2F2C6B43-28C4-4B39-B806-5F6EE3E92EE4}.Release|Any CPU.ActiveCfg = Release|Any CPU
		{2F2C6B43-28C4-4B39-B806-5F6EE3E92EE4}.Release|Any CPU.Build.0 = Release|Any CPU
		{F5E99364-82FB-45C9-B113-033543CAC72A}.Debug|Any CPU.ActiveCfg = Debug|Any CPU
		{F5E99364-82FB-45C9-B113-033543CAC72A}.Debug|Any CPU.Build.0 = Debug|Any CPU
		{F5E99364-82FB-45C9-B113-033543CAC72A}.Release|Any CPU.ActiveCfg = Release|Any CPU
		{F5E99364-82FB-45C9-B113-033543CAC72A}.Release|Any CPU.Build.0 = Release|Any CPU
		{1484CDC7-A45D-4F5B-88BB-0B141CAECF30}.Debug|Any CPU.ActiveCfg = Debug|Any CPU
		{1484CDC7-A45D-4F5B-88BB-0B141CAECF30}.Debug|Any CPU.Build.0 = Debug|Any CPU
		{1484CDC7-A45D-4F5B-88BB-0B141CAECF30}.Release|Any CPU.ActiveCfg = Release|Any CPU
		{1484CDC7-A45D-4F5B-88BB-0B141CAECF30}.Release|Any CPU.Build.0 = Release|Any CPU
		{6DC36EAD-C0CE-4F2F-9538-C752BBF90766}.Debug|Any CPU.ActiveCfg = Debug|Any CPU
		{6DC36EAD-C0CE-4F2F-9538-C752BBF90766}.Debug|Any CPU.Build.0 = Debug|Any CPU
		{6DC36EAD-C0CE-4F2F-9538-C752BBF90766}.Release|Any CPU.ActiveCfg = Release|Any CPU
		{6DC36EAD-C0CE-4F2F-9538-C752BBF90766}.Release|Any CPU.Build.0 = Release|Any CPU
		{6DA6F80A-9A5B-4464-8280-4C2657D8FF9E}.Debug|Any CPU.ActiveCfg = Debug|Any CPU
		{6DA6F80A-9A5B-4464-8280-4C2657D8FF9E}.Debug|Any CPU.Build.0 = Debug|Any CPU
		{6DA6F80A-9A5B-4464-8280-4C2657D8FF9E}.Release|Any CPU.ActiveCfg = Release|Any CPU
		{6DA6F80A-9A5B-4464-8280-4C2657D8FF9E}.Release|Any CPU.Build.0 = Release|Any CPU
		{5E7D4D2E-87D4-4416-9F8C-A332CE06EFD6}.Debug|Any CPU.ActiveCfg = Debug|Any CPU
		{5E7D4D2E-87D4-4416-9F8C-A332CE06EFD6}.Debug|Any CPU.Build.0 = Debug|Any CPU
		{5E7D4D2E-87D4-4416-9F8C-A332CE06EFD6}.Release|Any CPU.ActiveCfg = Release|Any CPU
		{5E7D4D2E-87D4-4416-9F8C-A332CE06EFD6}.Release|Any CPU.Build.0 = Release|Any CPU
	EndGlobalSection
EndGlobal
